
Microsoft Visual Studio Solution File, Format Version 12.00
# Visual Studio Version 16
VisualStudioVersion = 16.0.31019.35
MinimumVisualStudioVersion = 10.0.40219.1
Project("{FAE04EC0-301F-11D3-BF4B-00C04F79EFBC}") = "Регистрация машин", "Регистрация машин\Регистрация машин.csproj", "{477FA562-D180-40E5-B1B1-1D1C36D3C428}"
EndProject
Global
	GlobalSection(SolutionConfigurationPlatforms) = preSolution
		Debug|Any CPU = Debug|Any CPU
		Release|Any CPU = Release|Any CPU
	EndGlobalSection
	GlobalSection(ProjectConfigurationPlatforms) = postSolution
		{477FA562-D180-40E5-B1B1-1D1C36D3C428}.Debug|Any CPU.ActiveCfg = Debug|Any CPU
		{477FA562-D180-40E5-B1B1-1D1C36D3C428}.Debug|Any CPU.Build.0 = Debug|Any CPU
		{477FA562-D180-40E5-B1B1-1D1C36D3C428}.Release|Any CPU.ActiveCfg = Release|Any CPU
		{477FA562-D180-40E5-B1B1-1D1C36D3C428}.Release|Any CPU.Build.0 = Release|Any CPU
	EndGlobalSection
	GlobalSection(SolutionProperties) = preSolution
		HideSolutionNode = FALSE
	EndGlobalSection
	GlobalSection(ExtensibilityGlobals) = postSolution
		SolutionGuid = {4F6DCD1E-7DC2-4EC4-834B-F1A474FDFFC8}
	EndGlobalSection
EndGlobal
